// !$*UTF8*$!
{
	archiveVersion = 1;
	classes = {
	};
	objectVersion = 56;
	objects = {

/* Begin PBXBuildFile section */
		9B01C8B32A3A209300A47074 /* NewTweetView.swift in Sources */ = {isa = PBXBuildFile; fileRef = 9B01C8B22A3A209300A47074 /* NewTweetView.swift */; };
		9B01C8B52A3A229E00A47074 /* TextArea.swift in Sources */ = {isa = PBXBuildFile; fileRef = 9B01C8B42A3A229E00A47074 /* TextArea.swift */; };
		9B01C8BB2A3A2A2100A47074 /* LoginView.swift in Sources */ = {isa = PBXBuildFile; fileRef = 9B01C8BA2A3A2A2100A47074 /* LoginView.swift */; };
		9B01C8BD2A3A2A2D00A47074 /* RegistrationView.swift in Sources */ = {isa = PBXBuildFile; fileRef = 9B01C8BC2A3A2A2D00A47074 /* RegistrationView.swift */; };
		9B01C8BF2A3A2B7800A47074 /* RoundedShape.swift in Sources */ = {isa = PBXBuildFile; fileRef = 9B01C8BE2A3A2B7800A47074 /* RoundedShape.swift */; };
		9B01C8C12A3A319600A47074 /* CustomInputeField.swift in Sources */ = {isa = PBXBuildFile; fileRef = 9B01C8C02A3A319600A47074 /* CustomInputeField.swift */; };
		9B01C8C42A3A48AD00A47074 /* AuthHeaderView.swift in Sources */ = {isa = PBXBuildFile; fileRef = 9B01C8C32A3A48AD00A47074 /* AuthHeaderView.swift */; };
		9B47610B2A15129B001BCE89 /* TwitterCloneApp.swift in Sources */ = {isa = PBXBuildFile; fileRef = 9B47610A2A15129B001BCE89 /* TwitterCloneApp.swift */; };
		9B47610D2A15129B001BCE89 /* ContentView.swift in Sources */ = {isa = PBXBuildFile; fileRef = 9B47610C2A15129B001BCE89 /* ContentView.swift */; };
		9B47610F2A15129C001BCE89 /* Assets.xcassets in Resources */ = {isa = PBXBuildFile; fileRef = 9B47610E2A15129C001BCE89 /* Assets.xcassets */; };
		9B4761122A15129C001BCE89 /* Preview Assets.xcassets in Resources */ = {isa = PBXBuildFile; fileRef = 9B4761112A15129C001BCE89 /* Preview Assets.xcassets */; };
		9B4761212A1514ED001BCE89 /* FeedView.swift in Sources */ = {isa = PBXBuildFile; fileRef = 9B4761202A1514ED001BCE89 /* FeedView.swift */; };
		9B4761252A15186F001BCE89 /* TweetRowView.swift in Sources */ = {isa = PBXBuildFile; fileRef = 9B4761242A15186F001BCE89 /* TweetRowView.swift */; };
		9B85086D2A2914260004B9C3 /* UserRowView.swift in Sources */ = {isa = PBXBuildFile; fileRef = 9B85086C2A2914260004B9C3 /* UserRowView.swift */; };
		9B8508722A2918350004B9C3 /* SideMenuView.swift in Sources */ = {isa = PBXBuildFile; fileRef = 9B8508712A2918350004B9C3 /* SideMenuView.swift */; };
		9B8508762A2918AB0004B9C3 /* SideMenuViewModel.swift in Sources */ = {isa = PBXBuildFile; fileRef = 9B8508752A2918AB0004B9C3 /* SideMenuViewModel.swift */; };
		9B8508782A2931A10004B9C3 /* UserStatsView.swift in Sources */ = {isa = PBXBuildFile; fileRef = 9B8508772A2931A10004B9C3 /* UserStatsView.swift */; };
		9B85087A2A2945140004B9C3 /* SideMenuOptionRowView.swift in Sources */ = {isa = PBXBuildFile; fileRef = 9B8508792A2945140004B9C3 /* SideMenuOptionRowView.swift */; };
		9BF1FB212A15262000DD4BEE /* MainTabView.swift in Sources */ = {isa = PBXBuildFile; fileRef = 9BF1FB202A15262000DD4BEE /* MainTabView.swift */; };
		9BF1FB272A15283D00DD4BEE /* ExploreView.swift in Sources */ = {isa = PBXBuildFile; fileRef = 9BF1FB262A15283D00DD4BEE /* ExploreView.swift */; };
		9BF1FB292A15285200DD4BEE /* NotificationsView.swift in Sources */ = {isa = PBXBuildFile; fileRef = 9BF1FB282A15285200DD4BEE /* NotificationsView.swift */; };
		9BF1FB2B2A15287400DD4BEE /* MessagesView.swift in Sources */ = {isa = PBXBuildFile; fileRef = 9BF1FB2A2A15287400DD4BEE /* MessagesView.swift */; };
		9BF1FB2F2A1536DF00DD4BEE /* ProfileView.swift in Sources */ = {isa = PBXBuildFile; fileRef = 9BF1FB2E2A1536DF00DD4BEE /* ProfileView.swift */; };
		9BF1FB312A2903BF00DD4BEE /* TweetFilterViewModel.swift in Sources */ = {isa = PBXBuildFile; fileRef = 9BF1FB302A2903BF00DD4BEE /* TweetFilterViewModel.swift */; };
/* End PBXBuildFile section */

/* Begin PBXFileReference section */
		9B01C8B22A3A209300A47074 /* NewTweetView.swift */ = {isa = PBXFileReference; lastKnownFileType = sourcecode.swift; path = NewTweetView.swift; sourceTree = "<group>"; };
		9B01C8B42A3A229E00A47074 /* TextArea.swift */ = {isa = PBXFileReference; lastKnownFileType = sourcecode.swift; path = TextArea.swift; sourceTree = "<group>"; };
		9B01C8BA2A3A2A2100A47074 /* LoginView.swift */ = {isa = PBXFileReference; lastKnownFileType = sourcecode.swift; path = LoginView.swift; sourceTree = "<group>"; };
		9B01C8BC2A3A2A2D00A47074 /* RegistrationView.swift */ = {isa = PBXFileReference; lastKnownFileType = sourcecode.swift; path = RegistrationView.swift; sourceTree = "<group>"; };
		9B01C8BE2A3A2B7800A47074 /* RoundedShape.swift */ = {isa = PBXFileReference; lastKnownFileType = sourcecode.swift; path = RoundedShape.swift; sourceTree = "<group>"; };
		9B01C8C02A3A319600A47074 /* CustomInputeField.swift */ = {isa = PBXFileReference; lastKnownFileType = sourcecode.swift; path = CustomInputeField.swift; sourceTree = "<group>"; };
		9B01C8C32A3A48AD00A47074 /* AuthHeaderView.swift */ = {isa = PBXFileReference; lastKnownFileType = sourcecode.swift; path = AuthHeaderView.swift; sourceTree = "<group>"; };
		9B4761072A15129B001BCE89 /* TwitterClone.app */ = {isa = PBXFileReference; explicitFileType = wrapper.application; includeInIndex = 0; path = TwitterClone.app; sourceTree = BUILT_PRODUCTS_DIR; };
		9B47610A2A15129B001BCE89 /* TwitterCloneApp.swift */ = {isa = PBXFileReference; lastKnownFileType = sourcecode.swift; path = TwitterCloneApp.swift; sourceTree = "<group>"; };
		9B47610C2A15129B001BCE89 /* ContentView.swift */ = {isa = PBXFileReference; lastKnownFileType = sourcecode.swift; path = ContentView.swift; sourceTree = "<group>"; };
		9B47610E2A15129C001BCE89 /* Assets.xcassets */ = {isa = PBXFileReference; lastKnownFileType = folder.assetcatalog; path = Assets.xcassets; sourceTree = "<group>"; };
		9B4761112A15129C001BCE89 /* Preview Assets.xcassets */ = {isa = PBXFileReference; lastKnownFileType = folder.assetcatalog; path = "Preview Assets.xcassets"; sourceTree = "<group>"; };
		9B4761202A1514ED001BCE89 /* FeedView.swift */ = {isa = PBXFileReference; lastKnownFileType = sourcecode.swift; path = FeedView.swift; sourceTree = "<group>"; };
		9B4761242A15186F001BCE89 /* TweetRowView.swift */ = {isa = PBXFileReference; lastKnownFileType = sourcecode.swift; path = TweetRowView.swift; sourceTree = "<group>"; };
		9B85086C2A2914260004B9C3 /* UserRowView.swift */ = {isa = PBXFileReference; lastKnownFileType = sourcecode.swift; path = UserRowView.swift; sourceTree = "<group>"; };
		9B8508712A2918350004B9C3 /* SideMenuView.swift */ = {isa = PBXFileReference; lastKnownFileType = sourcecode.swift; path = SideMenuView.swift; sourceTree = "<group>"; };
		9B8508752A2918AB0004B9C3 /* SideMenuViewModel.swift */ = {isa = PBXFileReference; lastKnownFileType = sourcecode.swift; path = SideMenuViewModel.swift; sourceTree = "<group>"; };
		9B8508772A2931A10004B9C3 /* UserStatsView.swift */ = {isa = PBXFileReference; lastKnownFileType = sourcecode.swift; path = UserStatsView.swift; sourceTree = "<group>"; };
		9B8508792A2945140004B9C3 /* SideMenuOptionRowView.swift */ = {isa = PBXFileReference; lastKnownFileType = sourcecode.swift; path = SideMenuOptionRowView.swift; sourceTree = "<group>"; };
		9BF1FB202A15262000DD4BEE /* MainTabView.swift */ = {isa = PBXFileReference; lastKnownFileType = sourcecode.swift; path = MainTabView.swift; sourceTree = "<group>"; };
		9BF1FB262A15283D00DD4BEE /* ExploreView.swift */ = {isa = PBXFileReference; lastKnownFileType = sourcecode.swift; path = ExploreView.swift; sourceTree = "<group>"; };
		9BF1FB282A15285200DD4BEE /* NotificationsView.swift */ = {isa = PBXFileReference; lastKnownFileType = sourcecode.swift; path = NotificationsView.swift; sourceTree = "<group>"; };
		9BF1FB2A2A15287400DD4BEE /* MessagesView.swift */ = {isa = PBXFileReference; lastKnownFileType = sourcecode.swift; path = MessagesView.swift; sourceTree = "<group>"; };
		9BF1FB2E2A1536DF00DD4BEE /* ProfileView.swift */ = {isa = PBXFileReference; lastKnownFileType = sourcecode.swift; path = ProfileView.swift; sourceTree = "<group>"; };
		9BF1FB302A2903BF00DD4BEE /* TweetFilterViewModel.swift */ = {isa = PBXFileReference; lastKnownFileType = sourcecode.swift; path = TweetFilterViewModel.swift; sourceTree = "<group>"; };
/* End PBXFileReference section */

/* Begin PBXFrameworksBuildPhase section */
		9B4761042A15129B001BCE89 /* Frameworks */ = {
			isa = PBXFrameworksBuildPhase;
			buildActionMask = 2147483647;
			files = (
			);
			runOnlyForDeploymentPostprocessing = 0;
		};
/* End PBXFrameworksBuildPhase section */

/* Begin PBXGroup section */
		9B01C8AF2A3A205100A47074 /* UploadTweet */ = {
			isa = PBXGroup;
			children = (
				9B01C8B12A3A207200A47074 /* Views */,
				9B01C8B02A3A206700A47074 /* ViewModels */,
			);
			path = UploadTweet;
			sourceTree = "<group>";
		};
		9B01C8B02A3A206700A47074 /* ViewModels */ = {
			isa = PBXGroup;
			children = (
			);
			path = ViewModels;
			sourceTree = "<group>";
		};
		9B01C8B12A3A207200A47074 /* Views */ = {
			isa = PBXGroup;
			children = (
				9B01C8B22A3A209300A47074 /* NewTweetView.swift */,
			);
			path = Views;
			sourceTree = "<group>";
		};
		9B01C8B72A3A29EB00A47074 /* Authentication */ = {
			isa = PBXGroup;
			children = (
				9B01C8B92A3A2A0600A47074 /* Views */,
				9B01C8B82A3A29FF00A47074 /* ViewModel */,
			);
			path = Authentication;
			sourceTree = "<group>";
		};
		9B01C8B82A3A29FF00A47074 /* ViewModel */ = {
			isa = PBXGroup;
			children = (
			);
			path = ViewModel;
			sourceTree = "<group>";
		};
		9B01C8B92A3A2A0600A47074 /* Views */ = {
			isa = PBXGroup;
			children = (
				9B01C8BA2A3A2A2100A47074 /* LoginView.swift */,
				9B01C8BC2A3A2A2D00A47074 /* RegistrationView.swift */,
			);
			path = Views;
			sourceTree = "<group>";
		};
		9B01C8C22A3A489500A47074 /* Authentication */ = {
			isa = PBXGroup;
			children = (
				9B01C8C32A3A48AD00A47074 /* AuthHeaderView.swift */,
			);
			path = Authentication;
			sourceTree = "<group>";
		};
		9B4760FE2A15129B001BCE89 = {
			isa = PBXGroup;
			children = (
				9B4761092A15129B001BCE89 /* TwitterClone */,
				9B4761082A15129B001BCE89 /* Products */,
			);
			sourceTree = "<group>";
		};
		9B4761082A15129B001BCE89 /* Products */ = {
			isa = PBXGroup;
			children = (
				9B4761072A15129B001BCE89 /* TwitterClone.app */,
			);
			name = Products;
			sourceTree = "<group>";
		};
		9B4761092A15129B001BCE89 /* TwitterClone */ = {
			isa = PBXGroup;
			children = (
				9B4761182A1513FA001BCE89 /* Extensions */,
				9B4761192A151405001BCE89 /* Model */,
				9B47611D2A151430001BCE89 /* Service */,
				9B47611A2A15140B001BCE89 /* Core */,
				9B47610A2A15129B001BCE89 /* TwitterCloneApp.swift */,
				9B47610C2A15129B001BCE89 /* ContentView.swift */,
				9B47610E2A15129C001BCE89 /* Assets.xcassets */,
				9B4761102A15129C001BCE89 /* Preview Content */,
			);
			path = TwitterClone;
			sourceTree = "<group>";
		};
		9B4761102A15129C001BCE89 /* Preview Content */ = {
			isa = PBXGroup;
			children = (
				9B4761112A15129C001BCE89 /* Preview Assets.xcassets */,
			);
			path = "Preview Content";
			sourceTree = "<group>";
		};
		9B4761182A1513FA001BCE89 /* Extensions */ = {
			isa = PBXGroup;
			children = (
			);
			path = Extensions;
			sourceTree = "<group>";
		};
		9B4761192A151405001BCE89 /* Model */ = {
			isa = PBXGroup;
			children = (
			);
			path = Model;
			sourceTree = "<group>";
		};
		9B47611A2A15140B001BCE89 /* Core */ = {
			isa = PBXGroup;
			children = (
				9B01C8B72A3A29EB00A47074 /* Authentication */,
				9B01C8AF2A3A205100A47074 /* UploadTweet */,
				9B47611B2A15141F001BCE89 /* Components */,
				9BF1FB1F2A15260500DD4BEE /* MainTab */,
				9BF1FB252A1527C200DD4BEE /* Profile */,
				9BF1FB242A15277F00DD4BEE /* Explore */,
				9BF1FB232A15277C00DD4BEE /* Notifications */,
				9BF1FB222A15277900DD4BEE /* Messages */,
				9B47611C2A151425001BCE89 /* Feed */,
			);
			path = Core;
			sourceTree = "<group>";
		};
		9B47611B2A15141F001BCE89 /* Components */ = {
			isa = PBXGroup;
			children = (
				9B01C8C22A3A489500A47074 /* Authentication */,
				9B85086E2A29180C0004B9C3 /* SideMenu */,
				9B85086B2A2913900004B9C3 /* Users */,
				9B4761222A15182B001BCE89 /* Tweets */,
				9B01C8B42A3A229E00A47074 /* TextArea.swift */,
				9B01C8BE2A3A2B7800A47074 /* RoundedShape.swift */,
				9B01C8C02A3A319600A47074 /* CustomInputeField.swift */,
			);
			path = Components;
			sourceTree = "<group>";
		};
		9B47611C2A151425001BCE89 /* Feed */ = {
			isa = PBXGroup;
			children = (
				9B47611F2A1514C6001BCE89 /* ViewModel */,
				9B47611E2A1514BF001BCE89 /* View */,
			);
			path = Feed;
			sourceTree = "<group>";
		};
		9B47611D2A151430001BCE89 /* Service */ = {
			isa = PBXGroup;
			children = (
			);
			path = Service;
			sourceTree = "<group>";
		};
		9B47611E2A1514BF001BCE89 /* View */ = {
			isa = PBXGroup;
			children = (
				9B4761202A1514ED001BCE89 /* FeedView.swift */,
			);
			path = View;
			sourceTree = "<group>";
		};
		9B47611F2A1514C6001BCE89 /* ViewModel */ = {
			isa = PBXGroup;
			children = (
			);
			path = ViewModel;
			sourceTree = "<group>";
		};
		9B4761222A15182B001BCE89 /* Tweets */ = {
			isa = PBXGroup;
			children = (
				9B4761242A15186F001BCE89 /* TweetRowView.swift */,
			);
			path = Tweets;
			sourceTree = "<group>";
		};
		9B85086B2A2913900004B9C3 /* Users */ = {
			isa = PBXGroup;
			children = (
				9B85086C2A2914260004B9C3 /* UserRowView.swift */,
				9B8508772A2931A10004B9C3 /* UserStatsView.swift */,
			);
			path = Users;
			sourceTree = "<group>";
		};
		9B85086E2A29180C0004B9C3 /* SideMenu */ = {
			isa = PBXGroup;
			children = (
				9B8508702A29181D0004B9C3 /* ViewModel */,
				9B85086F2A2918180004B9C3 /* View */,
			);
			path = SideMenu;
			sourceTree = "<group>";
		};
		9B85086F2A2918180004B9C3 /* View */ = {
			isa = PBXGroup;
			children = (
				9B8508712A2918350004B9C3 /* SideMenuView.swift */,
				9B8508792A2945140004B9C3 /* SideMenuOptionRowView.swift */,
			);
			path = View;
			sourceTree = "<group>";
		};
		9B8508702A29181D0004B9C3 /* ViewModel */ = {
			isa = PBXGroup;
			children = (
				9B8508752A2918AB0004B9C3 /* SideMenuViewModel.swift */,
			);
			path = ViewModel;
			sourceTree = "<group>";
		};
		9BF1FB1F2A15260500DD4BEE /* MainTab */ = {
			isa = PBXGroup;
			children = (
				9BF1FB202A15262000DD4BEE /* MainTabView.swift */,
			);
			path = MainTab;
			sourceTree = "<group>";
		};
		9BF1FB222A15277900DD4BEE /* Messages */ = {
			isa = PBXGroup;
			children = (
				9BF1FB2A2A15287400DD4BEE /* MessagesView.swift */,
			);
			path = Messages;
			sourceTree = "<group>";
		};
		9BF1FB232A15277C00DD4BEE /* Notifications */ = {
			isa = PBXGroup;
			children = (
				9BF1FB282A15285200DD4BEE /* NotificationsView.swift */,
			);
			path = Notifications;
			sourceTree = "<group>";
		};
		9BF1FB242A15277F00DD4BEE /* Explore */ = {
			isa = PBXGroup;
			children = (
				9BF1FB332A29107A00DD4BEE /* View */,
				9BF1FB322A29107100DD4BEE /* ViewModel */,
			);
			path = Explore;
			sourceTree = "<group>";
		};
		9BF1FB252A1527C200DD4BEE /* Profile */ = {
			isa = PBXGroup;
			children = (
				9BF1FB2D2A1536C400DD4BEE /* Views */,
				9BF1FB2C2A1536BC00DD4BEE /* ViewModels */,
			);
			path = Profile;
			sourceTree = "<group>";
		};
		9BF1FB2C2A1536BC00DD4BEE /* ViewModels */ = {
			isa = PBXGroup;
			children = (
				9BF1FB302A2903BF00DD4BEE /* TweetFilterViewModel.swift */,
			);
			path = ViewModels;
			sourceTree = "<group>";
		};
		9BF1FB2D2A1536C400DD4BEE /* Views */ = {
			isa = PBXGroup;
			children = (
				9BF1FB2E2A1536DF00DD4BEE /* ProfileView.swift */,
			);
			path = Views;
			sourceTree = "<group>";
		};
		9BF1FB322A29107100DD4BEE /* ViewModel */ = {
			isa = PBXGroup;
			children = (
			);
			path = ViewModel;
			sourceTree = "<group>";
		};
		9BF1FB332A29107A00DD4BEE /* View */ = {
			isa = PBXGroup;
			children = (
				9BF1FB262A15283D00DD4BEE /* ExploreView.swift */,
			);
			path = View;
			sourceTree = "<group>";
		};
/* End PBXGroup section */

/* Begin PBXNativeTarget section */
		9B4761062A15129B001BCE89 /* TwitterClone */ = {
			isa = PBXNativeTarget;
			buildConfigurationList = 9B4761152A15129C001BCE89 /* Build configuration list for PBXNativeTarget "TwitterClone" */;
			buildPhases = (
				9B4761032A15129B001BCE89 /* Sources */,
				9B4761042A15129B001BCE89 /* Frameworks */,
				9B4761052A15129B001BCE89 /* Resources */,
			);
			buildRules = (
			);
			dependencies = (
			);
			name = TwitterClone;
			productName = TwitterClone;
			productReference = 9B4761072A15129B001BCE89 /* TwitterClone.app */;
			productType = "com.apple.product-type.application";
		};
/* End PBXNativeTarget section */

/* Begin PBXProject section */
		9B4760FF2A15129B001BCE89 /* Project object */ = {
			isa = PBXProject;
			attributes = {
				BuildIndependentTargetsInParallel = 1;
				LastSwiftUpdateCheck = 1420;
				LastUpgradeCheck = 1420;
				TargetAttributes = {
					9B4761062A15129B001BCE89 = {
						CreatedOnToolsVersion = 14.2;
					};
				};
			};
			buildConfigurationList = 9B4761022A15129B001BCE89 /* Build configuration list for PBXProject "TwitterClone" */;
			compatibilityVersion = "Xcode 14.0";
			developmentRegion = en;
			hasScannedForEncodings = 0;
			knownRegions = (
				en,
				Base,
			);
			mainGroup = 9B4760FE2A15129B001BCE89;
			productRefGroup = 9B4761082A15129B001BCE89 /* Products */;
			projectDirPath = "";
			projectRoot = "";
			targets = (
				9B4761062A15129B001BCE89 /* TwitterClone */,
			);
		};
/* End PBXProject section */

/* Begin PBXResourcesBuildPhase section */
		9B4761052A15129B001BCE89 /* Resources */ = {
			isa = PBXResourcesBuildPhase;
			buildActionMask = 2147483647;
			files = (
				9B4761122A15129C001BCE89 /* Preview Assets.xcassets in Resources */,
				9B47610F2A15129C001BCE89 /* Assets.xcassets in Resources */,
			);
			runOnlyForDeploymentPostprocessing = 0;
		};
/* End PBXResourcesBuildPhase section */

/* Begin PBXSourcesBuildPhase section */
		9B4761032A15129B001BCE89 /* Sources */ = {
			isa = PBXSourcesBuildPhase;
			buildActionMask = 2147483647;
			files = (
				9BF1FB2B2A15287400DD4BEE /* MessagesView.swift in Sources */,
				9BF1FB2F2A1536DF00DD4BEE /* ProfileView.swift in Sources */,
				9B47610D2A15129B001BCE89 /* ContentView.swift in Sources */,
				9B01C8C42A3A48AD00A47074 /* AuthHeaderView.swift in Sources */,
				9B4761252A15186F001BCE89 /* TweetRowView.swift in Sources */,
				9BF1FB312A2903BF00DD4BEE /* TweetFilterViewModel.swift in Sources */,
				9B4761212A1514ED001BCE89 /* FeedView.swift in Sources */,
				9B8508722A2918350004B9C3 /* SideMenuView.swift in Sources */,
				9B47610B2A15129B001BCE89 /* TwitterCloneApp.swift in Sources */,
				9BF1FB272A15283D00DD4BEE /* ExploreView.swift in Sources */,
				9B8508762A2918AB0004B9C3 /* SideMenuViewModel.swift in Sources */,
				9B01C8B52A3A229E00A47074 /* TextArea.swift in Sources */,
				9B85087A2A2945140004B9C3 /* SideMenuOptionRowView.swift in Sources */,
				9B01C8BB2A3A2A2100A47074 /* LoginView.swift in Sources */,
				9B01C8C12A3A319600A47074 /* CustomInputeField.swift in Sources */,
				9B01C8BD2A3A2A2D00A47074 /* RegistrationView.swift in Sources */,
				9B01C8B32A3A209300A47074 /* NewTweetView.swift in Sources */,
				9B01C8BF2A3A2B7800A47074 /* RoundedShape.swift in Sources */,
				9B85086D2A2914260004B9C3 /* UserRowView.swift in Sources */,
				9BF1FB212A15262000DD4BEE /* MainTabView.swift in Sources */,
				9BF1FB292A15285200DD4BEE /* NotificationsView.swift in Sources */,
				9B8508782A2931A10004B9C3 /* UserStatsView.swift in Sources */,
			);
			runOnlyForDeploymentPostprocessing = 0;
		};
/* End PBXSourcesBuildPhase section */

/* Begin XCBuildConfiguration section */
		9B4761132A15129C001BCE89 /* Debug */ = {
			isa = XCBuildConfiguration;
			buildSettings = {
				ALWAYS_SEARCH_USER_PATHS = NO;
				CLANG_ANALYZER_NONNULL = YES;
				CLANG_ANALYZER_NUMBER_OBJECT_CONVERSION = YES_AGGRESSIVE;
				CLANG_CXX_LANGUAGE_STANDARD = "gnu++20";
				CLANG_ENABLE_MODULES = YES;
				CLANG_ENABLE_OBJC_ARC = YES;
				CLANG_ENABLE_OBJC_WEAK = YES;
				CLANG_WARN_BLOCK_CAPTURE_AUTORELEASING = YES;
				CLANG_WARN_BOOL_CONVERSION = YES;
				CLANG_WARN_COMMA = YES;
				CLANG_WARN_CONSTANT_CONVERSION = YES;
				CLANG_WARN_DEPRECATED_OBJC_IMPLEMENTATIONS = YES;
				CLANG_WARN_DIRECT_OBJC_ISA_USAGE = YES_ERROR;
				CLANG_WARN_DOCUMENTATION_COMMENTS = YES;
				CLANG_WARN_EMPTY_BODY = YES;
				CLANG_WARN_ENUM_CONVERSION = YES;
				CLANG_WARN_INFINITE_RECURSION = YES;
				CLANG_WARN_INT_CONVERSION = YES;
				CLANG_WARN_NON_LITERAL_NULL_CONVERSION = YES;
				CLANG_WARN_OBJC_IMPLICIT_RETAIN_SELF = YES;
				CLANG_WARN_OBJC_LITERAL_CONVERSION = YES;
				CLANG_WARN_OBJC_ROOT_CLASS = YES_ERROR;
				CLANG_WARN_QUOTED_INCLUDE_IN_FRAMEWORK_HEADER = YES;
				CLANG_WARN_RANGE_LOOP_ANALYSIS = YES;
				CLANG_WARN_STRICT_PROTOTYPES = YES;
				CLANG_WARN_SUSPICIOUS_MOVE = YES;
				CLANG_WARN_UNGUARDED_AVAILABILITY = YES_AGGRESSIVE;
				CLANG_WARN_UNREACHABLE_CODE = YES;
				CLANG_WARN__DUPLICATE_METHOD_MATCH = YES;
				COPY_PHASE_STRIP = NO;
				DEBUG_INFORMATION_FORMAT = dwarf;
				ENABLE_STRICT_OBJC_MSGSEND = YES;
				ENABLE_TESTABILITY = YES;
				GCC_C_LANGUAGE_STANDARD = gnu11;
				GCC_DYNAMIC_NO_PIC = NO;
				GCC_NO_COMMON_BLOCKS = YES;
				GCC_OPTIMIZATION_LEVEL = 0;
				GCC_PREPROCESSOR_DEFINITIONS = (
					"DEBUG=1",
					"$(inherited)",
				);
				GCC_WARN_64_TO_32_BIT_CONVERSION = YES;
				GCC_WARN_ABOUT_RETURN_TYPE = YES_ERROR;
				GCC_WARN_UNDECLARED_SELECTOR = YES;
				GCC_WARN_UNINITIALIZED_AUTOS = YES_AGGRESSIVE;
				GCC_WARN_UNUSED_FUNCTION = YES;
				GCC_WARN_UNUSED_VARIABLE = YES;
				IPHONEOS_DEPLOYMENT_TARGET = 16.2;
				MTL_ENABLE_DEBUG_INFO = INCLUDE_SOURCE;
				MTL_FAST_MATH = YES;
				ONLY_ACTIVE_ARCH = YES;
				SDKROOT = iphoneos;
				SWIFT_ACTIVE_COMPILATION_CONDITIONS = DEBUG;
				SWIFT_OPTIMIZATION_LEVEL = "-Onone";
			};
			name = Debug;
		};
		9B4761142A15129C001BCE89 /* Release */ = {
			isa = XCBuildConfiguration;
			buildSettings = {
				ALWAYS_SEARCH_USER_PATHS = NO;
				CLANG_ANALYZER_NONNULL = YES;
				CLANG_ANALYZER_NUMBER_OBJECT_CONVERSION = YES_AGGRESSIVE;
				CLANG_CXX_LANGUAGE_STANDARD = "gnu++20";
				CLANG_ENABLE_MODULES = YES;
				CLANG_ENABLE_OBJC_ARC = YES;
				CLANG_ENABLE_OBJC_WEAK = YES;
				CLANG_WARN_BLOCK_CAPTURE_AUTORELEASING = YES;
				CLANG_WARN_BOOL_CONVERSION = YES;
				CLANG_WARN_COMMA = YES;
				CLANG_WARN_CONSTANT_CONVERSION = YES;
				CLANG_WARN_DEPRECATED_OBJC_IMPLEMENTATIONS = YES;
				CLANG_WARN_DIRECT_OBJC_ISA_USAGE = YES_ERROR;
				CLANG_WARN_DOCUMENTATION_COMMENTS = YES;
				CLANG_WARN_EMPTY_BODY = YES;
				CLANG_WARN_ENUM_CONVERSION = YES;
				CLANG_WARN_INFINITE_RECURSION = YES;
				CLANG_WARN_INT_CONVERSION = YES;
				CLANG_WARN_NON_LITERAL_NULL_CONVERSION = YES;
				CLANG_WARN_OBJC_IMPLICIT_RETAIN_SELF = YES;
				CLANG_WARN_OBJC_LITERAL_CONVERSION = YES;
				CLANG_WARN_OBJC_ROOT_CLASS = YES_ERROR;
				CLANG_WARN_QUOTED_INCLUDE_IN_FRAMEWORK_HEADER = YES;
				CLANG_WARN_RANGE_LOOP_ANALYSIS = YES;
				CLANG_WARN_STRICT_PROTOTYPES = YES;
				CLANG_WARN_SUSPICIOUS_MOVE = YES;
				CLANG_WARN_UNGUARDED_AVAILABILITY = YES_AGGRESSIVE;
				CLANG_WARN_UNREACHABLE_CODE = YES;
				CLANG_WARN__DUPLICATE_METHOD_MATCH = YES;
				COPY_PHASE_STRIP = NO;
				DEBUG_INFORMATION_FORMAT = "dwarf-with-dsym";
				ENABLE_NS_ASSERTIONS = NO;
				ENABLE_STRICT_OBJC_MSGSEND = YES;
				GCC_C_LANGUAGE_STANDARD = gnu11;
				GCC_NO_COMMON_BLOCKS = YES;
				GCC_WARN_64_TO_32_BIT_CONVERSION = YES;
				GCC_WARN_ABOUT_RETURN_TYPE = YES_ERROR;
				GCC_WARN_UNDECLARED_SELECTOR = YES;
				GCC_WARN_UNINITIALIZED_AUTOS = YES_AGGRESSIVE;
				GCC_WARN_UNUSED_FUNCTION = YES;
				GCC_WARN_UNUSED_VARIABLE = YES;
				IPHONEOS_DEPLOYMENT_TARGET = 16.2;
				MTL_ENABLE_DEBUG_INFO = NO;
				MTL_FAST_MATH = YES;
				SDKROOT = iphoneos;
				SWIFT_COMPILATION_MODE = wholemodule;
				SWIFT_OPTIMIZATION_LEVEL = "-O";
				VALIDATE_PRODUCT = YES;
			};
			name = Release;
		};
		9B4761162A15129C001BCE89 /* Debug */ = {
			isa = XCBuildConfiguration;
			buildSettings = {
				ASSETCATALOG_COMPILER_APPICON_NAME = AppIcon;
				ASSETCATALOG_COMPILER_GLOBAL_ACCENT_COLOR_NAME = AccentColor;
				CODE_SIGN_STYLE = Automatic;
				CURRENT_PROJECT_VERSION = 1;
				DEVELOPMENT_ASSET_PATHS = "\"TwitterClone/Preview Content\"";
				DEVELOPMENT_TEAM = 5V6877CWKR;
				ENABLE_PREVIEWS = YES;
				GENERATE_INFOPLIST_FILE = YES;
				INFOPLIST_KEY_UIApplicationSceneManifest_Generation = YES;
				INFOPLIST_KEY_UIApplicationSupportsIndirectInputEvents = YES;
				INFOPLIST_KEY_UILaunchScreen_Generation = YES;
				INFOPLIST_KEY_UISupportedInterfaceOrientations_iPad = "UIInterfaceOrientationPortrait UIInterfaceOrientationPortraitUpsideDown UIInterfaceOrientationLandscapeLeft UIInterfaceOrientationLandscapeRight";
				INFOPLIST_KEY_UISupportedInterfaceOrientations_iPhone = "UIInterfaceOrientationPortrait UIInterfaceOrientationLandscapeLeft UIInterfaceOrientationLandscapeRight";
				LD_RUNPATH_SEARCH_PATHS = (
					"$(inherited)",
					"@executable_path/Frameworks",
				);
				MARKETING_VERSION = 1.0;
				PRODUCT_BUNDLE_IDENTIFIER = oi.twitterClone.com.TwitterClone;
				PRODUCT_NAME = "$(TARGET_NAME)";
				SWIFT_EMIT_LOC_STRINGS = YES;
				SWIFT_VERSION = 5.0;
				TARGETED_DEVICE_FAMILY = "1,2";
			};
			name = Debug;
		};
		9B4761172A15129C001BCE89 /* Release */ = {
			isa = XCBuildConfiguration;
			buildSettings = {
				ASSETCATALOG_COMPILER_APPICON_NAME = AppIcon;
				ASSETCATALOG_COMPILER_GLOBAL_ACCENT_COLOR_NAME = AccentColor;
				CODE_SIGN_STYLE = Automatic;
				CURRENT_PROJECT_VERSION = 1;
				DEVELOPMENT_ASSET_PATHS = "\"TwitterClone/Preview Content\"";
				DEVELOPMENT_TEAM = 5V6877CWKR;
				ENABLE_PREVIEWS = YES;
				GENERATE_INFOPLIST_FILE = YES;
				INFOPLIST_KEY_UIApplicationSceneManifest_Generation = YES;
				INFOPLIST_KEY_UIApplicationSupportsIndirectInputEvents = YES;
				INFOPLIST_KEY_UILaunchScreen_Generation = YES;
				INFOPLIST_KEY_UISupportedInterfaceOrientations_iPad = "UIInterfaceOrientationPortrait UIInterfaceOrientationPortraitUpsideDown UIInterfaceOrientationLandscapeLeft UIInterfaceOrientationLandscapeRight";
				INFOPLIST_KEY_UISupportedInterfaceOrientations_iPhone = "UIInterfaceOrientationPortrait UIInterfaceOrientationLandscapeLeft UIInterfaceOrientationLandscapeRight";
				LD_RUNPATH_SEARCH_PATHS = (
					"$(inherited)",
					"@executable_path/Frameworks",
				);
				MARKETING_VERSION = 1.0;
				PRODUCT_BUNDLE_IDENTIFIER = oi.twitterClone.com.TwitterClone;
				PRODUCT_NAME = "$(TARGET_NAME)";
				SWIFT_EMIT_LOC_STRINGS = YES;
				SWIFT_VERSION = 5.0;
				TARGETED_DEVICE_FAMILY = "1,2";
			};
			name = Release;
		};
/* End XCBuildConfiguration section */

/* Begin XCConfigurationList section */
		9B4761022A15129B001BCE89 /* Build configuration list for PBXProject "TwitterClone" */ = {
			isa = XCConfigurationList;
			buildConfigurations = (
				9B4761132A15129C001BCE89 /* Debug */,
				9B4761142A15129C001BCE89 /* Release */,
			);
			defaultConfigurationIsVisible = 0;
			defaultConfigurationName = Release;
		};
		9B4761152A15129C001BCE89 /* Build configuration list for PBXNativeTarget "TwitterClone" */ = {
			isa = XCConfigurationList;
			buildConfigurations = (
				9B4761162A15129C001BCE89 /* Debug */,
				9B4761172A15129C001BCE89 /* Release */,
			);
			defaultConfigurationIsVisible = 0;
			defaultConfigurationName = Release;
		};
/* End XCConfigurationList section */
	};
	rootObject = 9B4760FF2A15129B001BCE89 /* Project object */;
}
